
Microsoft Visual Studio Solution File, Format Version 11.00
# Visual Studio 2010
Project("{FAE04EC0-301F-11D3-BF4B-00C04F79EFBC}") = "Assembly-CSharp", "Assembly-CSharp.csproj", "{67213618-b6e4-4baa-625b-bac0101ad0aa}"
EndProject
Project("{FAE04EC0-301F-11D3-BF4B-00C04F79EFBC}") = "Assembly-CSharp-Editor", "Assembly-CSharp-Editor.csproj", "{33a0342f-6b8c-37fd-48f8-843c06cd5219}"
EndProject
Global
	GlobalSection(SolutionConfigurationPlatforms) = preSolution
		Debug|Any CPU = Debug|Any CPU
	EndGlobalSection
	GlobalSection(ProjectConfigurationPlatforms) = postSolution
		{67213618-b6e4-4baa-625b-bac0101ad0aa}.Debug|Any CPU.ActiveCfg = Debug|Any CPU
		{67213618-b6e4-4baa-625b-bac0101ad0aa}.Debug|Any CPU.Build.0 = Debug|Any CPU
		{33a0342f-6b8c-37fd-48f8-843c06cd5219}.Debug|Any CPU.ActiveCfg = Debug|Any CPU
		{33a0342f-6b8c-37fd-48f8-843c06cd5219}.Debug|Any CPU.Build.0 = Debug|Any CPU
	EndGlobalSection
	GlobalSection(SolutionProperties) = preSolution
		HideSolutionNode = FALSE
	EndGlobalSection
EndGlobal
